Microsoft Visual Studio Solution File, Format Version 12.00
# Visual Studio Version 17
VisualStudioVersion = 17.0.31903.59
MinimumVisualStudioVersion = 10.0.40219.1
Project("{2150E333-8FDC-42A3-9474-1A3956D46DE8}") = "src", "src", "{8B3ED878-51D7-4A10-A234-94834B5B90EC}"
EndProject
Project("{2150E333-8FDC-42A3-9474-1A3956D46DE8}") = "tests", "tests", "{EDB9DC48-A874-434F-B0A1-138E7DC80A50}"
EndProject
Project("{FAE04EC0-301F-11D3-BF4B-00C04F79EFBC}") = "Accelerate", "src\Accelerate\Accelerate.csproj", "{B833E0FA-57DC-4E5F-94A3-40BEA0891581}"
EndProject
Project("{FAE04EC0-301F-11D3-BF4B-00C04F79EFBC}") = "Accelerate.Tests", "tests\Accelerate.Tests\Accelerate.Tests.csproj", "{D08C1BE7-006A-4E54-AEDB-AFC90720133F}"
EndProject
Global
	GlobalSection(SolutionConfigurationPlatforms) = preSolution
		Debug|Any CPU = Debug|Any CPU
		Release|Any CPU = Release|Any CPU
	EndGlobalSection
	GlobalSection(SolutionProperties) = preSolution
		HideSolutionNode = FALSE
	EndGlobalSection
	GlobalSection(NestedProjects) = preSolution
		{B833E0FA-57DC-4E5F-94A3-40BEA0891581} = {8B3ED878-51D7-4A10-A234-94834B5B90EC}
		{D08C1BE7-006A-4E54-AEDB-AFC90720133F} = {EDB9DC48-A874-434F-B0A1-138E7DC80A50}
	EndGlobalSection
	GlobalSection(ProjectConfigurationPlatforms) = postSolution
		{B833E0FA-57DC-4E5F-94A3-40BEA0891581}.Debug|Any CPU.ActiveCfg = Debug|Any CPU
		{B833E0FA-57DC-4E5F-94A3-40BEA0891581}.Debug|Any CPU.Build.0 = Debug|Any CPU
		{B833E0FA-57DC-4E5F-94A3-40BEA0891581}.Release|Any CPU.ActiveCfg = Release|Any CPU
		{B833E0FA-57DC-4E5F-94A3-40BEA0891581}.Release|Any CPU.Build.0 = Release|Any CPU
		{D08C1BE7-006A-4E54-AEDB-AFC90720133F}.Debug|Any CPU.ActiveCfg = Debug|Any CPU
		{D08C1BE7-006A-4E54-AEDB-AFC90720133F}.Debug|Any CPU.Build.0 = Debug|Any CPU
		{D08C1BE7-006A-4E54-AEDB-AFC90720133F}.Release|Any CPU.ActiveCfg = Release|Any CPU
		{D08C1BE7-006A-4E54-AEDB-AFC90720133F}.Release|Any CPU.Build.0 = Release|Any CPU
	EndGlobalSection
EndGlobal
